// !$*UTF8*$!
{
	archiveVersion = 1;
	classes = {};
	objectVersion = 56;
	objects = {
		000000000000000000000001 = {isa = PBXBuildFile; fileRef = 000000000000000000000011; };
		000000000000000000000002 = {isa = PBXBuildFile; fileRef = 000000000000000000000012; };
		000000000000000000000003 = {isa = PBXBuildFile; fileRef = 000000000000000000000013; };
		000000000000000000000004 = {isa = PBXBuildFile; fileRef = 000000000000000000000014; };
		000000000000000000000010 = {isa = PBXFileReference; lastKnownFileType = wrapper.application; path = FlappyBird.app; sourceTree = BUILT_PRODUCTS_DIR; };
		000000000000000000000011 = {isa = PBXFileReference; lastKnownFileType = sourcecode.swift; path = AppDelegate.swift; sourceTree = "<group>"; };
		000000000000000000000012 = {isa = PBXFileReference; lastKnownFileType = sourcecode.swift; path = GameViewController.swift; sourceTree = "<group>"; };
		000000000000000000000013 = {isa = PBXFileReference; lastKnownFileType = sourcecode.swift; path = FlappyScene.swift; sourceTree = "<group>"; };
		000000000000000000000014 = {isa = PBXFileReference; lastKnownFileType = text.plist.xml; path = Info.plist; sourceTree = "<group>"; };
		000000000000000000000020 = {isa = PBXGroup; children = (000000000000000000000011,000000000000000000000012,000000000000000000000013,000000000000000000000014); path = FlappyBird; sourceTree = "<group>"; };
		000000000000000000000021 = {isa = PBXGroup; children = (000000000000000000000020,000000000000000000000022); sourceTree = "<group>"; };
		000000000000000000000022 = {isa = PBXGroup; name = Products; children = (000000000000000000000010); sourceTree = "<group>"; };
		000000000000000000000030 = {isa = PBXNativeTarget; buildConfigurationList = 000000000000000000000040; buildPhases = (000000000000000000000050,000000000000000000000051,000000000000000000000052); buildRules = (); dependencies = (); name = FlappyBird; productName = FlappyBird; productReference = 000000000000000000000010; productType = "com.apple.product-type.application"; };
		000000000000000000000031 = {isa = PBXProject; attributes = {LastUpgradeCheck = 1500; TargetAttributes = {000000000000000000000030 = {CreatedOnToolsVersion = 15.0;};};}; buildConfigurationList = 000000000000000000000041; compatibilityVersion = "Xcode 14.0"; developmentRegion = en; hasScannedForEncodings = 0; knownRegions = (en,Base); mainGroup = 000000000000000000000021; productRefGroup = 000000000000000000000022; projectDirPath = ""; projectRoot = ""; targets = (000000000000000000000030); };
		000000000000000000000032 = {isa = PBXProject; }; 
		000000000000000000000050 = {isa = PBXSourcesBuildPhase; buildActionMask = 2147483647; files = (000000000000000000000001,000000000000000000000002,000000000000000000000003); runOnlyForDeploymentPostprocessing = 0; };
		000000000000000000000051 = {isa = PBXResourcesBuildPhase; buildActionMask = 2147483647; files = (); runOnlyForDeploymentPostprocessing = 0; };
		000000000000000000000052 = {isa = PBXFrameworksBuildPhase; buildActionMask = 2147483647; files = (); runOnlyForDeploymentPostprocessing = 0; };
		000000000000000000000040 = {isa = XCConfigurationList; buildConfigurations = (000000000000000000000060,000000000000000000000061); defaultConfigurationIsVisible = 0; defaultConfigurationName = Release; };
		000000000000000000000041 = {isa = XCConfigurationList; buildConfigurations = (000000000000000000000062,000000000000000000000063); defaultConfigurationIsVisible = 0; defaultConfigurationName = Release; };
		000000000000000000000060 = {isa = XCBuildConfiguration; buildSettings = {PRODUCT_BUNDLE_IDENTIFIER = com.example.flappybird; PRODUCT_NAME = "$(TARGET_NAME)"; INFOPLIST_FILE = FlappyBird/Info.plist; SWIFT_VERSION = 5.0; IPHONEOS_DEPLOYMENT_TARGET = 15.0; TARGETED_DEVICE_FAMILY = 1; SDKROOT = iphoneos; CODE_SIGN_STYLE = Automatic; DEVELOPMENT_TEAM = "$(DEVELOPMENT_TEAM)"; }; name = Debug; };
		000000000000000000000061 = {isa = XCBuildConfiguration; buildSettings = {PRODUCT_BUNDLE_IDENTIFIER = com.example.flappybird; PRODUCT_NAME = "$(TARGET_NAME)"; INFOPLIST_FILE = FlappyBird/Info.plist; SWIFT_VERSION = 5.0; IPHONEOS_DEPLOYMENT_TARGET = 15.0; TARGETED_DEVICE_FAMILY = 1; SDKROOT = iphoneos; CODE_SIGN_STYLE = Automatic; DEVELOPMENT_TEAM = "$(DEVELOPMENT_TEAM)"; }; name = Release; };
		000000000000000000000062 = {isa = XCBuildConfiguration; buildSettings = {ALWAYS_SEARCH_USER_PATHS = NO; SWIFT_VERSION = 5.0; }; name = Debug; };
		000000000000000000000063 = {isa = XCBuildConfiguration; buildSettings = {ALWAYS_SEARCH_USER_PATHS = NO; SWIFT_VERSION = 5.0; }; name = Release; };
		000000000000000000000070 = {isa = PBXNativeTarget; }; 
	};
	rootObject = 000000000000000000000031;
}
